
Microsoft Visual Studio Solution File, Format Version 12.00
# Visual Studio Version 17
VisualStudioVersion = 17.8.34330.188
MinimumVisualStudioVersion = 10.0.40219.1
Project("{2150E333-8FDC-42A3-9474-1A3956D46DE8}") = "MVC", "MVC", "{E81453C5-9B6A-4FEC-971E-9C677564B47A}"
EndProject
Project("{9A19103F-16F7-4668-BE54-9A1E7A4F7556}") = "PoLoAnalysisMVC", "PoLoAnalysisMVC\PoLoAnalysisMVC.csproj", "{9598F10B-E53F-4016-8E0F-F9C091A82AB8}"
EndProject
Project("{2150E333-8FDC-42A3-9474-1A3956D46DE8}") = "AuthServer", "AuthServer", "{07106CAD-C0B7-4AA6-A369-FC18935CF6AD}"
EndProject
Project("{2150E333-8FDC-42A3-9474-1A3956D46DE8}") = "BusinessAPI", "BusinessAPI", "{D6284C75-7672-4E12-AC23-9DD1078D8E6B}"
EndProject
Project("{9A19103F-16F7-4668-BE54-9A1E7A4F7556}") = "PoLoAnalysisBusiness.API", "PoLoAnalysisBusiness.API\PoLoAnalysisBusiness.API.csproj", "{1E50E800-8BBC-420E-9677-411CA42BB71E}"
EndProject
Project("{9A19103F-16F7-4668-BE54-9A1E7A4F7556}") = "SharedLibrary", "SharedLibrary\SharedLibrary.csproj", "{BEE61F61-6955-42AF-9814-08E793CEDB7F}"
EndProject
Project("{9A19103F-16F7-4668-BE54-9A1E7A4F7556}") = "PoLoAnalysisBusiness.Repository", "PoLoAnalysisBusiness.Repository\PoLoAnalysisBusiness.Repository.csproj", "{53D32BF6-FFA7-4AC6-8835-60B6800A4728}"
EndProject
Project("{9A19103F-16F7-4668-BE54-9A1E7A4F7556}") = "PoLoAnalysisBusiness.Core", "PoLoAnalysisBusiness.Core\PoLoAnalysisBusiness.Core.csproj", "{7A73FC66-DE7E-4BD1-B9DB-AD2D07477C63}"
EndProject
Project("{9A19103F-16F7-4668-BE54-9A1E7A4F7556}") = "PoLoAnalysisBusiness.Services", "PoLoAnalysisBusiness.Services\PoLoAnalysisBusiness.Services.csproj", "{63C550D4-AE48-4269-B13F-7DF3AB5DEA0F}"
EndProject
Project("{FAE04EC0-301F-11D3-BF4B-00C04F79EFBC}") = "PoLoAnalysisAuthServer.API", "PoLoAnalysisAuthServer.API\PoLoAnalysisAuthServer.API.csproj", "{959DD30F-59ED-46B6-BA9C-7ADE4568B019}"
EndProject
Project("{FAE04EC0-301F-11D3-BF4B-00C04F79EFBC}") = "PoLoAnalysisAuthServer.Core", "PoLoAnalysisAuthServer.Core\PoLoAnalysisAuthServer.Core.csproj", "{2147F6D2-4CBE-4BAD-84CA-37EDDC7FEEAE}"
EndProject
Project("{FAE04EC0-301F-11D3-BF4B-00C04F79EFBC}") = "PoLoAnalysisAuthServer.Repository", "PoLoAnalysisAuthServer.Repository\PoLoAnalysisAuthServer.Repository.csproj", "{8025CC74-A085-4EB4-9ACC-01F8A194DED7}"
EndProject
Project("{FAE04EC0-301F-11D3-BF4B-00C04F79EFBC}") = "PoLoAnalysisAuthSever.Service", "PoLoAnalysisAuthSever.Service\PoLoAnalysisAuthSever.Service.csproj", "{8A6BFD05-AAF9-4442-8C4E-AD64DA966299}"
EndProject
Global
	GlobalSection(SolutionConfigurationPlatforms) = preSolution
		Debug|Any CPU = Debug|Any CPU
		Release|Any CPU = Release|Any CPU
	EndGlobalSection
	GlobalSection(ProjectConfigurationPlatforms) = postSolution
		{9598F10B-E53F-4016-8E0F-F9C091A82AB8}.Debug|Any CPU.ActiveCfg = Debug|Any CPU
		{9598F10B-E53F-4016-8E0F-F9C091A82AB8}.Debug|Any CPU.Build.0 = Debug|Any CPU
		{9598F10B-E53F-4016-8E0F-F9C091A82AB8}.Release|Any CPU.ActiveCfg = Release|Any CPU
		{9598F10B-E53F-4016-8E0F-F9C091A82AB8}.Release|Any CPU.Build.0 = Release|Any CPU
		{1E50E800-8BBC-420E-9677-411CA42BB71E}.Debug|Any CPU.ActiveCfg = Debug|Any CPU
		{1E50E800-8BBC-420E-9677-411CA42BB71E}.Debug|Any CPU.Build.0 = Debug|Any CPU
		{1E50E800-8BBC-420E-9677-411CA42BB71E}.Release|Any CPU.ActiveCfg = Release|Any CPU
		{1E50E800-8BBC-420E-9677-411CA42BB71E}.Release|Any CPU.Build.0 = Release|Any CPU
		{BEE61F61-6955-42AF-9814-08E793CEDB7F}.Debug|Any CPU.ActiveCfg = Debug|Any CPU
		{BEE61F61-6955-42AF-9814-08E793CEDB7F}.Debug|Any CPU.Build.0 = Debug|Any CPU
		{BEE61F61-6955-42AF-9814-08E793CEDB7F}.Release|Any CPU.ActiveCfg = Release|Any CPU
		{BEE61F61-6955-42AF-9814-08E793CEDB7F}.Release|Any CPU.Build.0 = Release|Any CPU
		{53D32BF6-FFA7-4AC6-8835-60B6800A4728}.Debug|Any CPU.ActiveCfg = Debug|Any CPU
		{53D32BF6-FFA7-4AC6-8835-60B6800A4728}.Debug|Any CPU.Build.0 = Debug|Any CPU
		{53D32BF6-FFA7-4AC6-8835-60B6800A4728}.Release|Any CPU.ActiveCfg = Release|Any CPU
		{53D32BF6-FFA7-4AC6-8835-60B6800A4728}.Release|Any CPU.Build.0 = Release|Any CPU
		{7A73FC66-DE7E-4BD1-B9DB-AD2D07477C63}.Debug|Any CPU.ActiveCfg = Debug|Any CPU
		{7A73FC66-DE7E-4BD1-B9DB-AD2D07477C63}.Debug|Any CPU.Build.0 = Debug|Any CPU
		{7A73FC66-DE7E-4BD1-B9DB-AD2D07477C63}.Release|Any CPU.ActiveCfg = Release|Any CPU
		{7A73FC66-DE7E-4BD1-B9DB-AD2D07477C63}.Release|Any CPU.Build.0 = Release|Any CPU
		{63C550D4-AE48-4269-B13F-7DF3AB5DEA0F}.Debug|Any CPU.ActiveCfg = Debug|Any CPU
		{63C550D4-AE48-4269-B13F-7DF3AB5DEA0F}.Debug|Any CPU.Build.0 = Debug|Any CPU
		{63C550D4-AE48-4269-B13F-7DF3AB5DEA0F}.Release|Any CPU.ActiveCfg = Release|Any CPU
		{63C550D4-AE48-4269-B13F-7DF3AB5DEA0F}.Release|Any CPU.Build.0 = Release|Any CPU
		{959DD30F-59ED-46B6-BA9C-7ADE4568B019}.Debug|Any CPU.ActiveCfg = Debug|Any CPU
		{959DD30F-59ED-46B6-BA9C-7ADE4568B019}.Debug|Any CPU.Build.0 = Debug|Any CPU
		{959DD30F-59ED-46B6-BA9C-7ADE4568B019}.Release|Any CPU.ActiveCfg = Release|Any CPU
		{959DD30F-59ED-46B6-BA9C-7ADE4568B019}.Release|Any CPU.Build.0 = Release|Any CPU
		{2147F6D2-4CBE-4BAD-84CA-37EDDC7FEEAE}.Debug|Any CPU.ActiveCfg = Debug|Any CPU
		{2147F6D2-4CBE-4BAD-84CA-37EDDC7FEEAE}.Debug|Any CPU.Build.0 = Debug|Any CPU
		{2147F6D2-4CBE-4BAD-84CA-37EDDC7FEEAE}.Release|Any CPU.ActiveCfg = Release|Any CPU
		{2147F6D2-4CBE-4BAD-84CA-37EDDC7FEEAE}.Release|Any CPU.Build.0 = Release|Any CPU
		{8025CC74-A085-4EB4-9ACC-01F8A194DED7}.Debug|Any CPU.ActiveCfg = Debug|Any CPU
		{8025CC74-A085-4EB4-9ACC-01F8A194DED7}.Debug|Any CPU.Build.0 = Debug|Any CPU
		{8025CC74-A085-4EB4-9ACC-01F8A194DED7}.Release|Any CPU.ActiveCfg = Release|Any CPU
		{8025CC74-A085-4EB4-9ACC-01F8A194DED7}.Release|Any CPU.Build.0 = Release|Any CPU
		{8A6BFD05-AAF9-4442-8C4E-AD64DA966299}.Debug|Any CPU.ActiveCfg = Debug|Any CPU
		{8A6BFD05-AAF9-4442-8C4E-AD64DA966299}.Debug|Any CPU.Build.0 = Debug|Any CPU
		{8A6BFD05-AAF9-4442-8C4E-AD64DA966299}.Release|Any CPU.ActiveCfg = Release|Any CPU
		{8A6BFD05-AAF9-4442-8C4E-AD64DA966299}.Release|Any CPU.Build.0 = Release|Any CPU
	EndGlobalSection
	GlobalSection(SolutionProperties) = preSolution
		HideSolutionNode = FALSE
	EndGlobalSection
	GlobalSection(NestedProjects) = preSolution
		{9598F10B-E53F-4016-8E0F-F9C091A82AB8} = {E81453C5-9B6A-4FEC-971E-9C677564B47A}
		{1E50E800-8BBC-420E-9677-411CA42BB71E} = {D6284C75-7672-4E12-AC23-9DD1078D8E6B}
		{53D32BF6-FFA7-4AC6-8835-60B6800A4728} = {D6284C75-7672-4E12-AC23-9DD1078D8E6B}
		{7A73FC66-DE7E-4BD1-B9DB-AD2D07477C63} = {D6284C75-7672-4E12-AC23-9DD1078D8E6B}
		{63C550D4-AE48-4269-B13F-7DF3AB5DEA0F} = {D6284C75-7672-4E12-AC23-9DD1078D8E6B}
		{959DD30F-59ED-46B6-BA9C-7ADE4568B019} = {07106CAD-C0B7-4AA6-A369-FC18935CF6AD}
		{2147F6D2-4CBE-4BAD-84CA-37EDDC7FEEAE} = {07106CAD-C0B7-4AA6-A369-FC18935CF6AD}
		{8025CC74-A085-4EB4-9ACC-01F8A194DED7} = {07106CAD-C0B7-4AA6-A369-FC18935CF6AD}
		{8A6BFD05-AAF9-4442-8C4E-AD64DA966299} = {07106CAD-C0B7-4AA6-A369-FC18935CF6AD}
	EndGlobalSection
EndGlobal
